
Microsoft Visual Studio Solution File, Format Version 12.00
# Visual Studio Version 16
VisualStudioVersion = 16.0.30611.23
MinimumVisualStudioVersion = 10.0.40219.1
Project("{2150E333-8FDC-42A3-9474-1A3956D46DE8}") = "ApiGateways", "ApiGateways", "{24EDC979-A51D-4CDE-B3A6-77095DB489D3}"
EndProject
Project("{2150E333-8FDC-42A3-9474-1A3956D46DE8}") = "Services", "Services", "{5E3117C1-58DE-4AAC-923D-BBFB5EB50576}"
EndProject
Project("{2150E333-8FDC-42A3-9474-1A3956D46DE8}") = "FrontEnds", "FrontEnds", "{5A791CB0-2B88-4EE9-8496-7964032A887D}"
EndProject
Project("{9A19103F-16F7-4668-BE54-9A1E7A4F7556}") = "AppointmentSchedule.Api", "Services\AppointmentSchedule\AppointmentSchedule.Api\AppointmentSchedule.Api.csproj", "{D694B106-E62C-4997-BB22-A16C2B75D55D}"
EndProject
Project("{E53339B2-1760-4266-BCC7-CA923CBCF16C}") = "docker-compose", "docker-compose.dcproj", "{13FD46CF-C47E-4B59-991B-36420AB749B4}"
EndProject
Project("{9A19103F-16F7-4668-BE54-9A1E7A4F7556}") = "Administration.Api", "Services\Administration\Administration.Api\Administration.Api.csproj", "{961A04C9-B987-4DCC-B276-A4519B4F33ED}"
EndProject
Project("{9A19103F-16F7-4668-BE54-9A1E7A4F7556}") = "CountyManagement.Api", "Services\CountyManagement\CountyManagement.Api\CountyManagement.Api.csproj", "{130E1C36-0C27-41BE-817B-0C275C9115BC}"
EndProject
Project("{9A19103F-16F7-4668-BE54-9A1E7A4F7556}") = "Ordering.Api", "Services\Ordering\Ordering.Api\Ordering.Api.csproj", "{7A2E6C87-B8C1-4581-A9F6-7D8408E0ACFD}"
EndProject
Project("{9A19103F-16F7-4668-BE54-9A1E7A4F7556}") = "Call.Api", "Services\Call\Call.Api\Call.Api.csproj", "{BFEAA563-5481-42F4-8A8D-21568B666DD4}"
EndProject
Project("{2150E333-8FDC-42A3-9474-1A3956D46DE8}") = "Administration", "Administration", "{8D9CF7A0-40EB-471E-9EB7-B5A761F39959}"
EndProject
Project("{2150E333-8FDC-42A3-9474-1A3956D46DE8}") = "AppointmentSchedule", "AppointmentSchedule", "{02B023D6-D11C-4D85-B32F-8C51A7449821}"
EndProject
Project("{2150E333-8FDC-42A3-9474-1A3956D46DE8}") = "Call", "Call", "{23B751D1-63FE-4A78-9441-A06C6632E12E}"
EndProject
Project("{2150E333-8FDC-42A3-9474-1A3956D46DE8}") = "CountyManagement", "CountyManagement", "{701523B0-4EE7-46FC-8D9E-35942B47A76F}"
EndProject
Project("{2150E333-8FDC-42A3-9474-1A3956D46DE8}") = "Ordering", "Ordering", "{168FAA63-9B13-4CDB-8232-8486C6B8A5E8}"
EndProject
Project("{2150E333-8FDC-42A3-9474-1A3956D46DE8}") = "Identity", "Identity", "{2778F70A-19A5-4667-92AF-C39B1FDF53EC}"
EndProject
Project("{9A19103F-16F7-4668-BE54-9A1E7A4F7556}") = "Identity.Api", "Services\Identity\Identity.Api\Identity.Api.csproj", "{4164F2F0-AE18-42F2-8E98-3E7127EBF036}"
EndProject
Project("{9A19103F-16F7-4668-BE54-9A1E7A4F7556}") = "AppointmentSchedule.Domain", "Services\AppointmentSchedule\AppointmentSchedule.Domain\AppointmentSchedule.Domain.csproj", "{D5542F69-08D9-44D7-A730-239953B391C4}"
EndProject
Project("{9A19103F-16F7-4668-BE54-9A1E7A4F7556}") = "AppointmentSchedule.Infrastructure", "Services\AppointmentSchedule\AppointmentSchedule.Infrastructure\AppointmentSchedule.Infrastructure.csproj", "{BD6057C9-D3CD-48D2-A626-8F738A482419}"
EndProject
Project("{2150E333-8FDC-42A3-9474-1A3956D46DE8}") = "Framework", "Framework", "{626EF882-2022-4CFE-A44C-497749B34E77}"
EndProject
Project("{9A19103F-16F7-4668-BE54-9A1E7A4F7556}") = "NVI.DomainBase", "Framework\NVI.DomainBase\NVI.DomainBase.csproj", "{1D771E69-DDA5-4753-A93D-2B6B970FC887}"
EndProject
Project("{9A19103F-16F7-4668-BE54-9A1E7A4F7556}") = "NVI.WebHost.Extensions", "Framework\NVI.WebHost.Extensions\NVI.WebHost.Extensions.csproj", "{193F3C7E-F2D8-4174-BE82-A3640551E592}"
EndProject
Project("{9A19103F-16F7-4668-BE54-9A1E7A4F7556}") = "NVI.Utilities", "Framework\NVI.Tools\NVI.Utilities.csproj", "{5BCAF604-E6A7-4201-B70A-27B6EB389C00}"
EndProject
Project("{9A19103F-16F7-4668-BE54-9A1E7A4F7556}") = "NVI.EventBus", "Framework\NVI.EventBus\NVI.EventBus.csproj", "{850802FB-2F2E-4EF0-8903-E498BE583A0D}"
EndProject
Project("{9A19103F-16F7-4668-BE54-9A1E7A4F7556}") = "NVI.EventBusRabbitMQ", "Framework\NVI.EventBusRabbitMQ\NVI.EventBusRabbitMQ.csproj", "{A4A510EF-5741-4680-A4F9-67D27BB75DB6}"
EndProject
Project("{9A19103F-16F7-4668-BE54-9A1E7A4F7556}") = "NVI.IntegrationEventLogEF", "Framework\NVI.IntegrationEventLogEF\NVI.IntegrationEventLogEF.csproj", "{8B8DCEB1-C282-489B-885E-FE5A2C0B1F5B}"
EndProject
Project("{9A19103F-16F7-4668-BE54-9A1E7A4F7556}") = "Ntrada.Extensions.Cors", "ApiGetways\Ntrada.Extensions.Cors\Ntrada.Extensions.Cors.csproj", "{62A66AFE-2E3F-48EC-84CD-3B4BF8A5BA1B}"
EndProject
Project("{9A19103F-16F7-4668-BE54-9A1E7A4F7556}") = "Ntrada.Extensions.CustomErrors", "ApiGetways\Ntrada.Extensions.CustomErrors\Ntrada.Extensions.CustomErrors.csproj", "{A0E913BF-796F-42A8-B4EB-87C9E02ABB31}"
EndProject
Project("{9A19103F-16F7-4668-BE54-9A1E7A4F7556}") = "Ntrada.Extensions.Jwt", "ApiGetways\Ntrada.Extensions.Jwt\Ntrada.Extensions.Jwt.csproj", "{77B8F17F-B2AA-4DEB-BF42-B446459BB3A0}"
EndProject
Project("{9A19103F-16F7-4668-BE54-9A1E7A4F7556}") = "Ntrada.Extensions.RabbitMq", "ApiGetways\Ntrada.Extensions.RabbitMq\Ntrada.Extensions.RabbitMq.csproj", "{3E268556-62C9-4A75-A9F9-58C964E51D6E}"
EndProject
Project("{9A19103F-16F7-4668-BE54-9A1E7A4F7556}") = "Ntrada.Extensions.Swagger", "ApiGetways\Ntrada.Extensions.Swagger\Ntrada.Extensions.Swagger.csproj", "{2A680439-B1F4-4A4B-8C00-BD6CF91BCDA4}"
EndProject
Project("{9A19103F-16F7-4668-BE54-9A1E7A4F7556}") = "Ntrada.Extensions.Tracing", "ApiGetways\Ntrada.Extensions.Tracing\Ntrada.Extensions.Tracing.csproj", "{F9BD3D69-6E5B-444F-B6AC-228D9E7343E7}"
EndProject
Project("{9A19103F-16F7-4668-BE54-9A1E7A4F7556}") = "Ntrada", "ApiGetways\Ntrada\Ntrada.csproj", "{1EF03D80-BE42-4192-94AD-31D926365967}"
EndProject
Project("{9A19103F-16F7-4668-BE54-9A1E7A4F7556}") = "Ntrada.Host", "ApiGetways\Ntrada.Host\Ntrada.Host.csproj", "{6BDBE28A-D5BE-4A80-ABC0-3BB690C56FD6}"
EndProject
Global
	GlobalSection(SolutionConfigurationPlatforms) = preSolution
		Debug|Any CPU = Debug|Any CPU
		Release|Any CPU = Release|Any CPU
	EndGlobalSection
	GlobalSection(ProjectConfigurationPlatforms) = postSolution
		{D694B106-E62C-4997-BB22-A16C2B75D55D}.Debug|Any CPU.ActiveCfg = Debug|Any CPU
		{D694B106-E62C-4997-BB22-A16C2B75D55D}.Debug|Any CPU.Build.0 = Debug|Any CPU
		{D694B106-E62C-4997-BB22-A16C2B75D55D}.Release|Any CPU.ActiveCfg = Release|Any CPU
		{D694B106-E62C-4997-BB22-A16C2B75D55D}.Release|Any CPU.Build.0 = Release|Any CPU
		{13FD46CF-C47E-4B59-991B-36420AB749B4}.Debug|Any CPU.ActiveCfg = Debug|Any CPU
		{13FD46CF-C47E-4B59-991B-36420AB749B4}.Debug|Any CPU.Build.0 = Debug|Any CPU
		{13FD46CF-C47E-4B59-991B-36420AB749B4}.Release|Any CPU.ActiveCfg = Release|Any CPU
		{13FD46CF-C47E-4B59-991B-36420AB749B4}.Release|Any CPU.Build.0 = Release|Any CPU
		{961A04C9-B987-4DCC-B276-A4519B4F33ED}.Debug|Any CPU.ActiveCfg = Debug|Any CPU
		{961A04C9-B987-4DCC-B276-A4519B4F33ED}.Debug|Any CPU.Build.0 = Debug|Any CPU
		{961A04C9-B987-4DCC-B276-A4519B4F33ED}.Release|Any CPU.ActiveCfg = Release|Any CPU
		{961A04C9-B987-4DCC-B276-A4519B4F33ED}.Release|Any CPU.Build.0 = Release|Any CPU
		{130E1C36-0C27-41BE-817B-0C275C9115BC}.Debug|Any CPU.ActiveCfg = Debug|Any CPU
		{130E1C36-0C27-41BE-817B-0C275C9115BC}.Debug|Any CPU.Build.0 = Debug|Any CPU
		{130E1C36-0C27-41BE-817B-0C275C9115BC}.Release|Any CPU.ActiveCfg = Release|Any CPU
		{130E1C36-0C27-41BE-817B-0C275C9115BC}.Release|Any CPU.Build.0 = Release|Any CPU
		{7A2E6C87-B8C1-4581-A9F6-7D8408E0ACFD}.Debug|Any CPU.ActiveCfg = Debug|Any CPU
		{7A2E6C87-B8C1-4581-A9F6-7D8408E0ACFD}.Debug|Any CPU.Build.0 = Debug|Any CPU
		{7A2E6C87-B8C1-4581-A9F6-7D8408E0ACFD}.Release|Any CPU.ActiveCfg = Release|Any CPU
		{7A2E6C87-B8C1-4581-A9F6-7D8408E0ACFD}.Release|Any CPU.Build.0 = Release|Any CPU
		{BFEAA563-5481-42F4-8A8D-21568B666DD4}.Debug|Any CPU.ActiveCfg = Debug|Any CPU
		{BFEAA563-5481-42F4-8A8D-21568B666DD4}.Debug|Any CPU.Build.0 = Debug|Any CPU
		{BFEAA563-5481-42F4-8A8D-21568B666DD4}.Release|Any CPU.ActiveCfg = Release|Any CPU
		{BFEAA563-5481-42F4-8A8D-21568B666DD4}.Release|Any CPU.Build.0 = Release|Any CPU
		{4164F2F0-AE18-42F2-8E98-3E7127EBF036}.Debug|Any CPU.ActiveCfg = Debug|Any CPU
		{4164F2F0-AE18-42F2-8E98-3E7127EBF036}.Debug|Any CPU.Build.0 = Debug|Any CPU
		{4164F2F0-AE18-42F2-8E98-3E7127EBF036}.Release|Any CPU.ActiveCfg = Release|Any CPU
		{4164F2F0-AE18-42F2-8E98-3E7127EBF036}.Release|Any CPU.Build.0 = Release|Any CPU
		{D5542F69-08D9-44D7-A730-239953B391C4}.Debug|Any CPU.ActiveCfg = Debug|Any CPU
		{D5542F69-08D9-44D7-A730-239953B391C4}.Debug|Any CPU.Build.0 = Debug|Any CPU
		{D5542F69-08D9-44D7-A730-239953B391C4}.Release|Any CPU.ActiveCfg = Release|Any CPU
		{D5542F69-08D9-44D7-A730-239953B391C4}.Release|Any CPU.Build.0 = Release|Any CPU
		{BD6057C9-D3CD-48D2-A626-8F738A482419}.Debug|Any CPU.ActiveCfg = Debug|Any CPU
		{BD6057C9-D3CD-48D2-A626-8F738A482419}.Debug|Any CPU.Build.0 = Debug|Any CPU
		{BD6057C9-D3CD-48D2-A626-8F738A482419}.Release|Any CPU.ActiveCfg = Release|Any CPU
		{BD6057C9-D3CD-48D2-A626-8F738A482419}.Release|Any CPU.Build.0 = Release|Any CPU
		{1D771E69-DDA5-4753-A93D-2B6B970FC887}.Debug|Any CPU.ActiveCfg = Debug|Any CPU
		{1D771E69-DDA5-4753-A93D-2B6B970FC887}.Debug|Any CPU.Build.0 = Debug|Any CPU
		{1D771E69-DDA5-4753-A93D-2B6B970FC887}.Release|Any CPU.ActiveCfg = Release|Any CPU
		{1D771E69-DDA5-4753-A93D-2B6B970FC887}.Release|Any CPU.Build.0 = Release|Any CPU
		{193F3C7E-F2D8-4174-BE82-A3640551E592}.Debug|Any CPU.ActiveCfg = Debug|Any CPU
		{193F3C7E-F2D8-4174-BE82-A3640551E592}.Debug|Any CPU.Build.0 = Debug|Any CPU
		{193F3C7E-F2D8-4174-BE82-A3640551E592}.Release|Any CPU.ActiveCfg = Release|Any CPU
		{193F3C7E-F2D8-4174-BE82-A3640551E592}.Release|Any CPU.Build.0 = Release|Any CPU
		{5BCAF604-E6A7-4201-B70A-27B6EB389C00}.Debug|Any CPU.ActiveCfg = Debug|Any CPU
		{5BCAF604-E6A7-4201-B70A-27B6EB389C00}.Debug|Any CPU.Build.0 = Debug|Any CPU
		{5BCAF604-E6A7-4201-B70A-27B6EB389C00}.Release|Any CPU.ActiveCfg = Release|Any CPU
		{5BCAF604-E6A7-4201-B70A-27B6EB389C00}.Release|Any CPU.Build.0 = Release|Any CPU
		{850802FB-2F2E-4EF0-8903-E498BE583A0D}.Debug|Any CPU.ActiveCfg = Debug|Any CPU
		{850802FB-2F2E-4EF0-8903-E498BE583A0D}.Debug|Any CPU.Build.0 = Debug|Any CPU
		{850802FB-2F2E-4EF0-8903-E498BE583A0D}.Release|Any CPU.ActiveCfg = Release|Any CPU
		{850802FB-2F2E-4EF0-8903-E498BE583A0D}.Release|Any CPU.Build.0 = Release|Any CPU
		{A4A510EF-5741-4680-A4F9-67D27BB75DB6}.Debug|Any CPU.ActiveCfg = Debug|Any CPU
		{A4A510EF-5741-4680-A4F9-67D27BB75DB6}.Debug|Any CPU.Build.0 = Debug|Any CPU
		{A4A510EF-5741-4680-A4F9-67D27BB75DB6}.Release|Any CPU.ActiveCfg = Release|Any CPU
		{A4A510EF-5741-4680-A4F9-67D27BB75DB6}.Release|Any CPU.Build.0 = Release|Any CPU
		{8B8DCEB1-C282-489B-885E-FE5A2C0B1F5B}.Debug|Any CPU.ActiveCfg = Debug|Any CPU
		{8B8DCEB1-C282-489B-885E-FE5A2C0B1F5B}.Debug|Any CPU.Build.0 = Debug|Any CPU
		{8B8DCEB1-C282-489B-885E-FE5A2C0B1F5B}.Release|Any CPU.ActiveCfg = Release|Any CPU
		{8B8DCEB1-C282-489B-885E-FE5A2C0B1F5B}.Release|Any CPU.Build.0 = Release|Any CPU
		{62A66AFE-2E3F-48EC-84CD-3B4BF8A5BA1B}.Debug|Any CPU.ActiveCfg = Debug|Any CPU
		{62A66AFE-2E3F-48EC-84CD-3B4BF8A5BA1B}.Debug|Any CPU.Build.0 = Debug|Any CPU
		{62A66AFE-2E3F-48EC-84CD-3B4BF8A5BA1B}.Release|Any CPU.ActiveCfg = Release|Any CPU
		{62A66AFE-2E3F-48EC-84CD-3B4BF8A5BA1B}.Release|Any CPU.Build.0 = Release|Any CPU
		{A0E913BF-796F-42A8-B4EB-87C9E02ABB31}.Debug|Any CPU.ActiveCfg = Debug|Any CPU
		{A0E913BF-796F-42A8-B4EB-87C9E02ABB31}.Debug|Any CPU.Build.0 = Debug|Any CPU
		{A0E913BF-796F-42A8-B4EB-87C9E02ABB31}.Release|Any CPU.ActiveCfg = Release|Any CPU
		{A0E913BF-796F-42A8-B4EB-87C9E02ABB31}.Release|Any CPU.Build.0 = Release|Any CPU
		{77B8F17F-B2AA-4DEB-BF42-B446459BB3A0}.Debug|Any CPU.ActiveCfg = Debug|Any CPU
		{77B8F17F-B2AA-4DEB-BF42-B446459BB3A0}.Debug|Any CPU.Build.0 = Debug|Any CPU
		{77B8F17F-B2AA-4DEB-BF42-B446459BB3A0}.Release|Any CPU.ActiveCfg = Release|Any CPU
		{77B8F17F-B2AA-4DEB-BF42-B446459BB3A0}.Release|Any CPU.Build.0 = Release|Any CPU
		{3E268556-62C9-4A75-A9F9-58C964E51D6E}.Debug|Any CPU.ActiveCfg = Debug|Any CPU
		{3E268556-62C9-4A75-A9F9-58C964E51D6E}.Debug|Any CPU.Build.0 = Debug|Any CPU
		{3E268556-62C9-4A75-A9F9-58C964E51D6E}.Release|Any CPU.ActiveCfg = Release|Any CPU
		{3E268556-62C9-4A75-A9F9-58C964E51D6E}.Release|Any CPU.Build.0 = Release|Any CPU
		{2A680439-B1F4-4A4B-8C00-BD6CF91BCDA4}.Debug|Any CPU.ActiveCfg = Debug|Any CPU
		{2A680439-B1F4-4A4B-8C00-BD6CF91BCDA4}.Debug|Any CPU.Build.0 = Debug|Any CPU
		{2A680439-B1F4-4A4B-8C00-BD6CF91BCDA4}.Release|Any CPU.ActiveCfg = Release|Any CPU
		{2A680439-B1F4-4A4B-8C00-BD6CF91BCDA4}.Release|Any CPU.Build.0 = Release|Any CPU
		{F9BD3D69-6E5B-444F-B6AC-228D9E7343E7}.Debug|Any CPU.ActiveCfg = Debug|Any CPU
		{F9BD3D69-6E5B-444F-B6AC-228D9E7343E7}.Debug|Any CPU.Build.0 = Debug|Any CPU
		{F9BD3D69-6E5B-444F-B6AC-228D9E7343E7}.Release|Any CPU.ActiveCfg = Release|Any CPU
		{F9BD3D69-6E5B-444F-B6AC-228D9E7343E7}.Release|Any CPU.Build.0 = Release|Any CPU
		{1EF03D80-BE42-4192-94AD-31D926365967}.Debug|Any CPU.ActiveCfg = Debug|Any CPU
		{1EF03D80-BE42-4192-94AD-31D926365967}.Debug|Any CPU.Build.0 = Debug|Any CPU
		{1EF03D80-BE42-4192-94AD-31D926365967}.Release|Any CPU.ActiveCfg = Release|Any CPU
		{1EF03D80-BE42-4192-94AD-31D926365967}.Release|Any CPU.Build.0 = Release|Any CPU
		{6BDBE28A-D5BE-4A80-ABC0-3BB690C56FD6}.Debug|Any CPU.ActiveCfg = Debug|Any CPU
		{6BDBE28A-D5BE-4A80-ABC0-3BB690C56FD6}.Debug|Any CPU.Build.0 = Debug|Any CPU
		{6BDBE28A-D5BE-4A80-ABC0-3BB690C56FD6}.Release|Any CPU.ActiveCfg = Release|Any CPU
		{6BDBE28A-D5BE-4A80-ABC0-3BB690C56FD6}.Release|Any CPU.Build.0 = Release|Any CPU
	EndGlobalSection
	GlobalSection(SolutionProperties) = preSolution
		HideSolutionNode = FALSE
	EndGlobalSection
	GlobalSection(NestedProjects) = preSolution
		{D694B106-E62C-4997-BB22-A16C2B75D55D} = {02B023D6-D11C-4D85-B32F-8C51A7449821}
		{961A04C9-B987-4DCC-B276-A4519B4F33ED} = {8D9CF7A0-40EB-471E-9EB7-B5A761F39959}
		{130E1C36-0C27-41BE-817B-0C275C9115BC} = {701523B0-4EE7-46FC-8D9E-35942B47A76F}
		{7A2E6C87-B8C1-4581-A9F6-7D8408E0ACFD} = {168FAA63-9B13-4CDB-8232-8486C6B8A5E8}
		{BFEAA563-5481-42F4-8A8D-21568B666DD4} = {23B751D1-63FE-4A78-9441-A06C6632E12E}
		{8D9CF7A0-40EB-471E-9EB7-B5A761F39959} = {5E3117C1-58DE-4AAC-923D-BBFB5EB50576}
		{02B023D6-D11C-4D85-B32F-8C51A7449821} = {5E3117C1-58DE-4AAC-923D-BBFB5EB50576}
		{23B751D1-63FE-4A78-9441-A06C6632E12E} = {5E3117C1-58DE-4AAC-923D-BBFB5EB50576}
		{701523B0-4EE7-46FC-8D9E-35942B47A76F} = {5E3117C1-58DE-4AAC-923D-BBFB5EB50576}
		{168FAA63-9B13-4CDB-8232-8486C6B8A5E8} = {5E3117C1-58DE-4AAC-923D-BBFB5EB50576}
		{2778F70A-19A5-4667-92AF-C39B1FDF53EC} = {5E3117C1-58DE-4AAC-923D-BBFB5EB50576}
		{4164F2F0-AE18-42F2-8E98-3E7127EBF036} = {2778F70A-19A5-4667-92AF-C39B1FDF53EC}
		{D5542F69-08D9-44D7-A730-239953B391C4} = {02B023D6-D11C-4D85-B32F-8C51A7449821}
		{BD6057C9-D3CD-48D2-A626-8F738A482419} = {02B023D6-D11C-4D85-B32F-8C51A7449821}
		{1D771E69-DDA5-4753-A93D-2B6B970FC887} = {626EF882-2022-4CFE-A44C-497749B34E77}
		{193F3C7E-F2D8-4174-BE82-A3640551E592} = {626EF882-2022-4CFE-A44C-497749B34E77}
		{5BCAF604-E6A7-4201-B70A-27B6EB389C00} = {626EF882-2022-4CFE-A44C-497749B34E77}
		{850802FB-2F2E-4EF0-8903-E498BE583A0D} = {626EF882-2022-4CFE-A44C-497749B34E77}
		{A4A510EF-5741-4680-A4F9-67D27BB75DB6} = {626EF882-2022-4CFE-A44C-497749B34E77}
		{8B8DCEB1-C282-489B-885E-FE5A2C0B1F5B} = {626EF882-2022-4CFE-A44C-497749B34E77}
		{62A66AFE-2E3F-48EC-84CD-3B4BF8A5BA1B} = {24EDC979-A51D-4CDE-B3A6-77095DB489D3}
		{A0E913BF-796F-42A8-B4EB-87C9E02ABB31} = {24EDC979-A51D-4CDE-B3A6-77095DB489D3}
		{77B8F17F-B2AA-4DEB-BF42-B446459BB3A0} = {24EDC979-A51D-4CDE-B3A6-77095DB489D3}
		{3E268556-62C9-4A75-A9F9-58C964E51D6E} = {24EDC979-A51D-4CDE-B3A6-77095DB489D3}
		{2A680439-B1F4-4A4B-8C00-BD6CF91BCDA4} = {24EDC979-A51D-4CDE-B3A6-77095DB489D3}
		{F9BD3D69-6E5B-444F-B6AC-228D9E7343E7} = {24EDC979-A51D-4CDE-B3A6-77095DB489D3}
		{1EF03D80-BE42-4192-94AD-31D926365967} = {24EDC979-A51D-4CDE-B3A6-77095DB489D3}
		{6BDBE28A-D5BE-4A80-ABC0-3BB690C56FD6} = {24EDC979-A51D-4CDE-B3A6-77095DB489D3}
	EndGlobalSection
	GlobalSection(ExtensibilityGlobals) = postSolution
		SolutionGuid = {BE45C056-EC60-46C7-8E98-0D42371DC52A}
	EndGlobalSection
EndGlobal
